
Microsoft Visual Studio Solution File, Format Version 12.00
# Visual Studio Version 17
VisualStudioVersion = 17.5.002.0
MinimumVisualStudioVersion = 10.0.40219.1
Project("{9A19103F-16F7-4668-BE54-9A1E7A4F7556}") = "bilangan_ganjil", "bilangan_ganjil.csproj", "{9753BEA3-E6A3-42D3-A1C4-0D7DCF1AF27C}"
EndProject
Global
	GlobalSection(SolutionConfigurationPlatforms) = preSolution
		Debug|Any CPU = Debug|Any CPU
		Release|Any CPU = Release|Any CPU
	EndGlobalSection
	GlobalSection(ProjectConfigurationPlatforms) = postSolution
		{9753BEA3-E6A3-42D3-A1C4-0D7DCF1AF27C}.Debug|Any CPU.ActiveCfg = Debug|Any CPU
		{9753BEA3-E6A3-42D3-A1C4-0D7DCF1AF27C}.Debug|Any CPU.Build.0 = Debug|Any CPU
		{9753BEA3-E6A3-42D3-A1C4-0D7DCF1AF27C}.Release|Any CPU.ActiveCfg = Release|Any CPU
		{9753BEA3-E6A3-42D3-A1C4-0D7DCF1AF27C}.Release|Any CPU.Build.0 = Release|Any CPU
	EndGlobalSection
	GlobalSection(SolutionProperties) = preSolution
		HideSolutionNode = FALSE
	EndGlobalSection
	GlobalSection(ExtensibilityGlobals) = postSolution
		SolutionGuid = {7167DE2F-021D-466D-8578-521E52F42B33}
	EndGlobalSection
EndGlobal
